
Microsoft Visual Studio Solution File, Format Version 12.00
# Visual Studio Version 16
VisualStudioVersion = 16.0.31313.79
MinimumVisualStudioVersion = 10.0.40219.1
Project("{9A19103F-16F7-4668-BE54-9A1E7A4F7556}") = "NiceHealth", "NiceHealth\NiceHealth.csproj", "{427A4757-0C85-4FC8-A586-00E7C741BFD4}"
EndProject
Project("{2150E333-8FDC-42A3-9474-1A3956D46DE8}") = "1 - Services", "1 - Services", "{1F61E8E5-69A6-49CF-9B27-4E0D6E90ED66}"
EndProject
Project("{2150E333-8FDC-42A3-9474-1A3956D46DE8}") = "2 - Application", "2 - Application", "{FB784D53-EB14-4989-B839-30C4A4DC1ED0}"
EndProject
Project("{2150E333-8FDC-42A3-9474-1A3956D46DE8}") = "3 - Domain", "3 - Domain", "{86A0692E-472C-4582-9C1A-5879F55A8C3C}"
EndProject
Project("{2150E333-8FDC-42A3-9474-1A3956D46DE8}") = "4 - Infra", "4 - Infra", "{60AEE656-D005-4E60-9E04-CA30BFEE4F19}"
EndProject
Project("{2150E333-8FDC-42A3-9474-1A3956D46DE8}") = "Tests", "Tests", "{880F34CB-E847-4989-9F63-CDFB7F4ED471}"
EndProject
Project("{FAE04EC0-301F-11D3-BF4B-00C04F79EFBC}") = "NiceHealth.Application", "NiceHealth.Application\NiceHealth.Application.csproj", "{C23DF0D9-52D1-497B-99EA-E5FC4B59B264}"
EndProject
Project("{FAE04EC0-301F-11D3-BF4B-00C04F79EFBC}") = "NiceHealth.Domain", "NiceHealth.Domain\NiceHealth.Domain.csproj", "{057C8E1D-E2D2-414E-B445-141A8E4BFC69}"
EndProject
Project("{2150E333-8FDC-42A3-9474-1A3956D46DE8}") = "4.1 - Data", "4.1 - Data", "{05F433A4-E3BA-4DE0-9DCB-281528BD1090}"
EndProject
Project("{2150E333-8FDC-42A3-9474-1A3956D46DE8}") = "4.2 - CrossCutting", "4.2 - CrossCutting", "{A7963999-395D-434F-A4C7-F3F06DA1466E}"
EndProject
Project("{FAE04EC0-301F-11D3-BF4B-00C04F79EFBC}") = "NiceHealth.Infra.Data", "NiceHealth.Infra.Data\NiceHealth.Infra.Data.csproj", "{DEBC35C4-0716-45D7-8DAF-07D6829C4B29}"
EndProject
Project("{FAE04EC0-301F-11D3-BF4B-00C04F79EFBC}") = "NiceHealth.Domain.Core", "NiceHealth.Domain.Core\NiceHealth.Domain.Core.csproj", "{F99640D0-941A-4A68-97C8-CD0F8FFA96DA}"
EndProject
Global
	GlobalSection(SolutionConfigurationPlatforms) = preSolution
		Debug|Any CPU = Debug|Any CPU
		Release|Any CPU = Release|Any CPU
	EndGlobalSection
	GlobalSection(ProjectConfigurationPlatforms) = postSolution
		{427A4757-0C85-4FC8-A586-00E7C741BFD4}.Debug|Any CPU.ActiveCfg = Debug|Any CPU
		{427A4757-0C85-4FC8-A586-00E7C741BFD4}.Debug|Any CPU.Build.0 = Debug|Any CPU
		{427A4757-0C85-4FC8-A586-00E7C741BFD4}.Release|Any CPU.ActiveCfg = Release|Any CPU
		{427A4757-0C85-4FC8-A586-00E7C741BFD4}.Release|Any CPU.Build.0 = Release|Any CPU
		{C23DF0D9-52D1-497B-99EA-E5FC4B59B264}.Debug|Any CPU.ActiveCfg = Debug|Any CPU
		{C23DF0D9-52D1-497B-99EA-E5FC4B59B264}.Debug|Any CPU.Build.0 = Debug|Any CPU
		{C23DF0D9-52D1-497B-99EA-E5FC4B59B264}.Release|Any CPU.ActiveCfg = Release|Any CPU
		{C23DF0D9-52D1-497B-99EA-E5FC4B59B264}.Release|Any CPU.Build.0 = Release|Any CPU
		{057C8E1D-E2D2-414E-B445-141A8E4BFC69}.Debug|Any CPU.ActiveCfg = Debug|Any CPU
		{057C8E1D-E2D2-414E-B445-141A8E4BFC69}.Debug|Any CPU.Build.0 = Debug|Any CPU
		{057C8E1D-E2D2-414E-B445-141A8E4BFC69}.Release|Any CPU.ActiveCfg = Release|Any CPU
		{057C8E1D-E2D2-414E-B445-141A8E4BFC69}.Release|Any CPU.Build.0 = Release|Any CPU
		{DEBC35C4-0716-45D7-8DAF-07D6829C4B29}.Debug|Any CPU.ActiveCfg = Debug|Any CPU
		{DEBC35C4-0716-45D7-8DAF-07D6829C4B29}.Debug|Any CPU.Build.0 = Debug|Any CPU
		{DEBC35C4-0716-45D7-8DAF-07D6829C4B29}.Release|Any CPU.ActiveCfg = Release|Any CPU
		{DEBC35C4-0716-45D7-8DAF-07D6829C4B29}.Release|Any CPU.Build.0 = Release|Any CPU
		{F99640D0-941A-4A68-97C8-CD0F8FFA96DA}.Debug|Any CPU.ActiveCfg = Debug|Any CPU
		{F99640D0-941A-4A68-97C8-CD0F8FFA96DA}.Debug|Any CPU.Build.0 = Debug|Any CPU
		{F99640D0-941A-4A68-97C8-CD0F8FFA96DA}.Release|Any CPU.ActiveCfg = Release|Any CPU
		{F99640D0-941A-4A68-97C8-CD0F8FFA96DA}.Release|Any CPU.Build.0 = Release|Any CPU
	EndGlobalSection
	GlobalSection(SolutionProperties) = preSolution
		HideSolutionNode = FALSE
	EndGlobalSection
	GlobalSection(NestedProjects) = preSolution
		{427A4757-0C85-4FC8-A586-00E7C741BFD4} = {1F61E8E5-69A6-49CF-9B27-4E0D6E90ED66}
		{C23DF0D9-52D1-497B-99EA-E5FC4B59B264} = {FB784D53-EB14-4989-B839-30C4A4DC1ED0}
		{057C8E1D-E2D2-414E-B445-141A8E4BFC69} = {86A0692E-472C-4582-9C1A-5879F55A8C3C}
		{05F433A4-E3BA-4DE0-9DCB-281528BD1090} = {60AEE656-D005-4E60-9E04-CA30BFEE4F19}
		{A7963999-395D-434F-A4C7-F3F06DA1466E} = {60AEE656-D005-4E60-9E04-CA30BFEE4F19}
		{DEBC35C4-0716-45D7-8DAF-07D6829C4B29} = {05F433A4-E3BA-4DE0-9DCB-281528BD1090}
		{F99640D0-941A-4A68-97C8-CD0F8FFA96DA} = {86A0692E-472C-4582-9C1A-5879F55A8C3C}
	EndGlobalSection
	GlobalSection(ExtensibilityGlobals) = postSolution
		SolutionGuid = {8492BCD9-828B-4FE9-9D0A-531C9A168261}
	EndGlobalSection
EndGlobal
